
Microsoft Visual Studio Solution File, Format Version 12.00
# Visual Studio Version 17
VisualStudioVersion = 17.4.33213.308
MinimumVisualStudioVersion = 10.0.40219.1
Project("{FAE04EC0-301F-11D3-BF4B-00C04F79EFBC}") = "NZWalksAPI", "NZWalksAPI.csproj", "{D5544F66-DCEC-4F89-8F30-FDFE3598BCDD}"
EndProject
Global
	GlobalSection(SolutionConfigurationPlatforms) = preSolution
		Debug|Any CPU = Debug|Any CPU
		Release|Any CPU = Release|Any CPU
	EndGlobalSection
	GlobalSection(ProjectConfigurationPlatforms) = postSolution
		{D5544F66-DCEC-4F89-8F30-FDFE3598BCDD}.Debug|Any CPU.ActiveCfg = Debug|Any CPU
		{D5544F66-DCEC-4F89-8F30-FDFE3598BCDD}.Debug|Any CPU.Build.0 = Debug|Any CPU
		{D5544F66-DCEC-4F89-8F30-FDFE3598BCDD}.Release|Any CPU.ActiveCfg = Release|Any CPU
		{D5544F66-DCEC-4F89-8F30-FDFE3598BCDD}.Release|Any CPU.Build.0 = Release|Any CPU
	EndGlobalSection
	GlobalSection(SolutionProperties) = preSolution
		HideSolutionNode = FALSE
	EndGlobalSection
	GlobalSection(ExtensibilityGlobals) = postSolution
		SolutionGuid = {26569B29-C6B7-4E32-8FED-717DEA281E75}
	EndGlobalSection
EndGlobal
